// !$*UTF8*$!
{
	archiveVersion = 1;
	classes = {
	};
	objectVersion = 46;
	objects = {

/* Begin PBXBuildFile section */
		4C33F6CC158B3302008E9A9C /* CategoryViewController.m in Sources */ = {isa = PBXBuildFile; fileRef = 4C33F6CB158B3302008E9A9C /* CategoryViewController.m */; };
		4C33F6CF158B3A2F008E9A9C /* List.m in Sources */ = {isa = PBXBuildFile; fileRef = 4C33F6CE158B3A2F008E9A9C /* List.m */; };
		4C33F6D2158B9CB8008E9A9C /* TaskViewController.m in Sources */ = {isa = PBXBuildFile; fileRef = 4C33F6D1158B9CB8008E9A9C /* TaskViewController.m */; };
		4C379D1D157E2B8E00BB25D5 /* UIKit.framework in Frameworks */ = {isa = PBXBuildFile; fileRef = 4C379D1C157E2B8E00BB25D5 /* UIKit.framework */; };
		4C379D1F157E2B8E00BB25D5 /* Foundation.framework in Frameworks */ = {isa = PBXBuildFile; fileRef = 4C379D1E157E2B8E00BB25D5 /* Foundation.framework */; };
		4C379D21157E2B8E00BB25D5 /* CoreGraphics.framework in Frameworks */ = {isa = PBXBuildFile; fileRef = 4C379D20157E2B8E00BB25D5 /* CoreGraphics.framework */; };
		4C379D27157E2B8E00BB25D5 /* InfoPlist.strings in Resources */ = {isa = PBXBuildFile; fileRef = 4C379D25157E2B8E00BB25D5 /* InfoPlist.strings */; };
		4C379D29157E2B8E00BB25D5 /* main.m in Sources */ = {isa = PBXBuildFile; fileRef = 4C379D28157E2B8E00BB25D5 /* main.m */; };
		4C379D2D157E2B8E00BB25D5 /* AppDelegate.m in Sources */ = {isa = PBXBuildFile; fileRef = 4C379D2C157E2B8E00BB25D5 /* AppDelegate.m */; };
		4C379D30157E2B8E00BB25D5 /* MainStoryboard.storyboard in Resources */ = {isa = PBXBuildFile; fileRef = 4C379D2E157E2B8E00BB25D5 /* MainStoryboard.storyboard */; };
		4C379D33157E2B8E00BB25D5 /* UnfinishedTaskViewController.m in Sources */ = {isa = PBXBuildFile; fileRef = 4C379D32157E2B8E00BB25D5 /* UnfinishedTaskViewController.m */; };
		4C379D3B157E2CA500BB25D5 /* UnfinishedTaskTableViewController.m in Sources */ = {isa = PBXBuildFile; fileRef = 4C379D3A157E2CA500BB25D5 /* UnfinishedTaskTableViewController.m */; };
		4C379D3E157E2DF300BB25D5 /* Database.m in Sources */ = {isa = PBXBuildFile; fileRef = 4C379D3D157E2DF300BB25D5 /* Database.m */; };
		4C379D41157E33EE00BB25D5 /* Task.m in Sources */ = {isa = PBXBuildFile; fileRef = 4C379D40157E33EE00BB25D5 /* Task.m */; };
		4C379D48157E545600BB25D5 /* AddTaskViewController.m in Sources */ = {isa = PBXBuildFile; fileRef = 4C379D47157E545600BB25D5 /* AddTaskViewController.m */; };
		4C379D4B157E549200BB25D5 /* ShowUnfinishedTaskCellViewController.m in Sources */ = {isa = PBXBuildFile; fileRef = 4C379D4A157E549200BB25D5 /* ShowUnfinishedTaskCellViewController.m */; };
		4C379D4D157E553800BB25D5 /* libsqlite3.0.dylib in Frameworks */ = {isa = PBXBuildFile; fileRef = 4C379D4C157E553800BB25D5 /* libsqlite3.0.dylib */; };
/* End PBXBuildFile section */

/* Begin PBXFileReference section */
		4C33F6CA158B3302008E9A9C /* CategoryViewController.h */ = {isa = PBXFileReference; fileEncoding = 4; lastKnownFileType = sourcecode.c.h; name = CategoryViewController.h; path = ../CategoryViewController.h; sourceTree = "<group>"; };
		4C33F6CB158B3302008E9A9C /* CategoryViewController.m */ = {isa = PBXFileReference; fileEncoding = 4; lastKnownFileType = sourcecode.c.objc; name = CategoryViewController.m; path = ../CategoryViewController.m; sourceTree = "<group>"; };
		4C33F6CD158B3A2F008E9A9C /* List.h */ = {isa = PBXFileReference; fileEncoding = 4; lastKnownFileType = sourcecode.c.h; path = List.h; sourceTree = "<group>"; };
		4C33F6CE158B3A2F008E9A9C /* List.m */ = {isa = PBXFileReference; fileEncoding = 4; lastKnownFileType = sourcecode.c.objc; path = List.m; sourceTree = "<group>"; };
		4C33F6D0158B9CB8008E9A9C /* TaskViewController.h */ = {isa = PBXFileReference; fileEncoding = 4; lastKnownFileType = sourcecode.c.h; path = TaskViewController.h; sourceTree = "<group>"; };
		4C33F6D1158B9CB8008E9A9C /* TaskViewController.m */ = {isa = PBXFileReference; fileEncoding = 4; lastKnownFileType = sourcecode.c.objc; path = TaskViewController.m; sourceTree = "<group>"; };
		4C379D18157E2B8E00BB25D5 /* To Do List.app */ = {isa = PBXFileReference; explicitFileType = wrapper.application; includeInIndex = 0; path = "To Do List.app"; sourceTree = BUILT_PRODUCTS_DIR; };
		4C379D1C157E2B8E00BB25D5 /* UIKit.framework */ = {isa = PBXFileReference; lastKnownFileType = wrapper.framework; name = UIKit.framework; path = System/Library/Frameworks/UIKit.framework; sourceTree = SDKROOT; };
		4C379D1E157E2B8E00BB25D5 /* Foundation.framework */ = {isa = PBXFileReference; lastKnownFileType = wrapper.framework; name = Foundation.framework; path = System/Library/Frameworks/Foundation.framework; sourceTree = SDKROOT; };
		4C379D20157E2B8E00BB25D5 /* CoreGraphics.framework */ = {isa = PBXFileReference; lastKnownFileType = wrapper.framework; name = CoreGraphics.framework; path = System/Library/Frameworks/CoreGraphics.framework; sourceTree = SDKROOT; };
		4C379D24157E2B8E00BB25D5 /* To Do List-Info.plist */ = {isa = PBXFileReference; lastKnownFileType = text.plist.xml; path = "To Do List-Info.plist"; sourceTree = "<group>"; };
		4C379D26157E2B8E00BB25D5 /* en */ = {isa = PBXFileReference; lastKnownFileType = text.plist.strings; name = en; path = en.lproj/InfoPlist.strings; sourceTree = "<group>"; };
		4C379D28157E2B8E00BB25D5 /* main.m */ = {isa = PBXFileReference; lastKnownFileType = sourcecode.c.objc; path = main.m; sourceTree = "<group>"; };
		4C379D2A157E2B8E00BB25D5 /* To Do List-Prefix.pch */ = {isa = PBXFileReference; lastKnownFileType = sourcecode.c.h; path = "To Do List-Prefix.pch"; sourceTree = "<group>"; };
		4C379D2B157E2B8E00BB25D5 /* AppDelegate.h */ = {isa = PBXFileReference; lastKnownFileType = sourcecode.c.h; path = AppDelegate.h; sourceTree = "<group>"; };
		4C379D2C157E2B8E00BB25D5 /* AppDelegate.m */ = {isa = PBXFileReference; lastKnownFileType = sourcecode.c.objc; path = AppDelegate.m; sourceTree = "<group>"; };
		4C379D2F157E2B8E00BB25D5 /* en */ = {isa = PBXFileReference; lastKnownFileType = file.storyboard; name = en; path = en.lproj/MainStoryboard.storyboard; sourceTree = "<group>"; };
		4C379D31157E2B8E00BB25D5 /* UnfinishedTaskViewController.h */ = {isa = PBXFileReference; lastKnownFileType = sourcecode.c.h; path = UnfinishedTaskViewController.h; sourceTree = "<group>"; };
		4C379D32157E2B8E00BB25D5 /* UnfinishedTaskViewController.m */ = {isa = PBXFileReference; lastKnownFileType = sourcecode.c.objc; path = UnfinishedTaskViewController.m; sourceTree = "<group>"; };
		4C379D39157E2CA500BB25D5 /* UnfinishedTaskTableViewController.h */ = {isa = PBXFileReference; fileEncoding = 4; lastKnownFileType = sourcecode.c.h; path = UnfinishedTaskTableViewController.h; sourceTree = "<group>"; };
		4C379D3A157E2CA500BB25D5 /* UnfinishedTaskTableViewController.m */ = {isa = PBXFileReference; fileEncoding = 4; lastKnownFileType = sourcecode.c.objc; path = UnfinishedTaskTableViewController.m; sourceTree = "<group>"; };
		4C379D3C157E2DF300BB25D5 /* Database.h */ = {isa = PBXFileReference; fileEncoding = 4; lastKnownFileType = sourcecode.c.h; path = Database.h; sourceTree = "<group>"; };
		4C379D3D157E2DF300BB25D5 /* Database.m */ = {isa = PBXFileReference; fileEncoding = 4; lastKnownFileType = sourcecode.c.objc; path = Database.m; sourceTree = "<group>"; };
		4C379D3F157E33EE00BB25D5 /* Task.h */ = {isa = PBXFileReference; fileEncoding = 4; lastKnownFileType = sourcecode.c.h; path = Task.h; sourceTree = "<group>"; };
		4C379D40157E33EE00BB25D5 /* Task.m */ = {isa = PBXFileReference; fileEncoding = 4; lastKnownFileType = sourcecode.c.objc; path = Task.m; sourceTree = "<group>"; };
		4C379D46157E545600BB25D5 /* AddTaskViewController.h */ = {isa = PBXFileReference; fileEncoding = 4; lastKnownFileType = sourcecode.c.h; path = AddTaskViewController.h; sourceTree = "<group>"; };
		4C379D47157E545600BB25D5 /* AddTaskViewController.m */ = {isa = PBXFileReference; fileEncoding = 4; lastKnownFileType = sourcecode.c.objc; path = AddTaskViewController.m; sourceTree = "<group>"; };
		4C379D49157E549200BB25D5 /* ShowUnfinishedTaskCellViewController.h */ = {isa = PBXFileReference; fileEncoding = 4; lastKnownFileType = sourcecode.c.h; path = ShowUnfinishedTaskCellViewController.h; sourceTree = "<group>"; };
		4C379D4A157E549200BB25D5 /* ShowUnfinishedTaskCellViewController.m */ = {isa = PBXFileReference; fileEncoding = 4; lastKnownFileType = sourcecode.c.objc; path = ShowUnfinishedTaskCellViewController.m; sourceTree = "<group>"; };
		4C379D4C157E553800BB25D5 /* libsqlite3.0.dylib */ = {isa = PBXFileReference; lastKnownFileType = "compiled.mach-o.dylib"; name = libsqlite3.0.dylib; path = usr/lib/libsqlite3.0.dylib; sourceTree = SDKROOT; };
/* End PBXFileReference section */

/* Begin PBXFrameworksBuildPhase section */
		4C379D15157E2B8E00BB25D5 /* Frameworks */ = {
			isa = PBXFrameworksBuildPhase;
			buildActionMask = 2147483647;
			files = (
				4C379D1D157E2B8E00BB25D5 /* UIKit.framework in Frameworks */,
				4C379D1F157E2B8E00BB25D5 /* Foundation.framework in Frameworks */,
				4C379D21157E2B8E00BB25D5 /* CoreGraphics.framework in Frameworks */,
				4C379D4D157E553800BB25D5 /* libsqlite3.0.dylib in Frameworks */,
			);
			runOnlyForDeploymentPostprocessing = 0;
		};
/* End PBXFrameworksBuildPhase section */

/* Begin PBXGroup section */
		4C33F6C8158B27DA008E9A9C /* Control */ = {
			isa = PBXGroup;
			children = (
				4C33F6CA158B3302008E9A9C /* CategoryViewController.h */,
				4C33F6CB158B3302008E9A9C /* CategoryViewController.m */,
				4C33F6D0158B9CB8008E9A9C /* TaskViewController.h */,
				4C33F6D1158B9CB8008E9A9C /* TaskViewController.m */,
			);
			name = Control;
			sourceTree = "<group>";
		};
		4C33F6C9158B27E5008E9A9C /* Model */ = {
			isa = PBXGroup;
			children = (
				4C33F6CD158B3A2F008E9A9C /* List.h */,
				4C33F6CE158B3A2F008E9A9C /* List.m */,
				4C379D3C157E2DF300BB25D5 /* Database.h */,
				4C379D3D157E2DF300BB25D5 /* Database.m */,
				4C379D3F157E33EE00BB25D5 /* Task.h */,
				4C379D40157E33EE00BB25D5 /* Task.m */,
			);
			name = Model;
			sourceTree = "<group>";
		};
		4C379D0D157E2B8E00BB25D5 = {
			isa = PBXGroup;
			children = (
				4C379D22157E2B8E00BB25D5 /* To Do List */,
				4C379D1B157E2B8E00BB25D5 /* Frameworks */,
				4C379D19157E2B8E00BB25D5 /* Products */,
			);
			sourceTree = "<group>";
		};
		4C379D19157E2B8E00BB25D5 /* Products */ = {
			isa = PBXGroup;
			children = (
				4C379D18157E2B8E00BB25D5 /* To Do List.app */,
			);
			name = Products;
			sourceTree = "<group>";
		};
		4C379D1B157E2B8E00BB25D5 /* Frameworks */ = {
			isa = PBXGroup;
			children = (
				4C379D4C157E553800BB25D5 /* libsqlite3.0.dylib */,
				4C379D1C157E2B8E00BB25D5 /* UIKit.framework */,
				4C379D1E157E2B8E00BB25D5 /* Foundation.framework */,
				4C379D20157E2B8E00BB25D5 /* CoreGraphics.framework */,
			);
			name = Frameworks;
			sourceTree = "<group>";
		};
		4C379D22157E2B8E00BB25D5 /* To Do List */ = {
			isa = PBXGroup;
			children = (
				4C33F6C9158B27E5008E9A9C /* Model */,
				4C33F6C8158B27DA008E9A9C /* Control */,
				4C379D2B157E2B8E00BB25D5 /* AppDelegate.h */,
				4C379D2C157E2B8E00BB25D5 /* AppDelegate.m */,
				4C379D2E157E2B8E00BB25D5 /* MainStoryboard.storyboard */,
				4C379D39157E2CA500BB25D5 /* UnfinishedTaskTableViewController.h */,
				4C379D3A157E2CA500BB25D5 /* UnfinishedTaskTableViewController.m */,
				4C379D31157E2B8E00BB25D5 /* UnfinishedTaskViewController.h */,
				4C379D32157E2B8E00BB25D5 /* UnfinishedTaskViewController.m */,
				4C379D46157E545600BB25D5 /* AddTaskViewController.h */,
				4C379D47157E545600BB25D5 /* AddTaskViewController.m */,
				4C379D49157E549200BB25D5 /* ShowUnfinishedTaskCellViewController.h */,
				4C379D4A157E549200BB25D5 /* ShowUnfinishedTaskCellViewController.m */,
				4C379D23157E2B8E00BB25D5 /* Supporting Files */,
			);
			path = "To Do List";
			sourceTree = "<group>";
		};
		4C379D23157E2B8E00BB25D5 /* Supporting Files */ = {
			isa = PBXGroup;
			children = (
				4C379D24157E2B8E00BB25D5 /* To Do List-Info.plist */,
				4C379D25157E2B8E00BB25D5 /* InfoPlist.strings */,
				4C379D28157E2B8E00BB25D5 /* main.m */,
				4C379D2A157E2B8E00BB25D5 /* To Do List-Prefix.pch */,
			);
			name = "Supporting Files";
			sourceTree = "<group>";
		};
/* End PBXGroup section */

/* Begin PBXNativeTarget section */
		4C379D17157E2B8E00BB25D5 /* To Do List */ = {
			isa = PBXNativeTarget;
			buildConfigurationList = 4C379D36157E2B8E00BB25D5 /* Build configuration list for PBXNativeTarget "To Do List" */;
			buildPhases = (
				4C379D14157E2B8E00BB25D5 /* Sources */,
				4C379D15157E2B8E00BB25D5 /* Frameworks */,
				4C379D16157E2B8E00BB25D5 /* Resources */,
			);
			buildRules = (
			);
			dependencies = (
			);
			name = "To Do List";
			productName = "To Do List";
			productReference = 4C379D18157E2B8E00BB25D5 /* To Do List.app */;
			productType = "com.apple.product-type.application";
		};
/* End PBXNativeTarget section */

/* Begin PBXProject section */
		4C379D0F157E2B8E00BB25D5 /* Project object */ = {
			isa = PBXProject;
			attributes = {
				LastUpgradeCheck = 0430;
			};
			buildConfigurationList = 4C379D12157E2B8E00BB25D5 /* Build configuration list for PBXProject "To Do List" */;
			compatibilityVersion = "Xcode 3.2";
			developmentRegion = English;
			hasScannedForEncodings = 0;
			knownRegions = (
				en,
			);
			mainGroup = 4C379D0D157E2B8E00BB25D5;
			productRefGroup = 4C379D19157E2B8E00BB25D5 /* Products */;
			projectDirPath = "";
			projectRoot = "";
			targets = (
				4C379D17157E2B8E00BB25D5 /* To Do List */,
			);
		};
/* End PBXProject section */

/* Begin PBXResourcesBuildPhase section */
		4C379D16157E2B8E00BB25D5 /* Resources */ = {
			isa = PBXResourcesBuildPhase;
			buildActionMask = 2147483647;
			files = (
				4C379D27157E2B8E00BB25D5 /* InfoPlist.strings in Resources */,
				4C379D30157E2B8E00BB25D5 /* MainStoryboard.storyboard in Resources */,
			);
			runOnlyForDeploymentPostprocessing = 0;
		};
/* End PBXResourcesBuildPhase section */

/* Begin PBXSourcesBuildPhase section */
		4C379D14157E2B8E00BB25D5 /* Sources */ = {
			isa = PBXSourcesBuildPhase;
			buildActionMask = 2147483647;
			files = (
				4C379D29157E2B8E00BB25D5 /* main.m in Sources */,
				4C379D2D157E2B8E00BB25D5 /* AppDelegate.m in Sources */,
				4C379D33157E2B8E00BB25D5 /* UnfinishedTaskViewController.m in Sources */,
				4C379D3B157E2CA500BB25D5 /* UnfinishedTaskTableViewController.m in Sources */,
				4C379D3E157E2DF300BB25D5 /* Database.m in Sources */,
				4C379D41157E33EE00BB25D5 /* Task.m in Sources */,
				4C379D48157E545600BB25D5 /* AddTaskViewController.m in Sources */,
				4C379D4B157E549200BB25D5 /* ShowUnfinishedTaskCellViewController.m in Sources */,
				4C33F6CC158B3302008E9A9C /* CategoryViewController.m in Sources */,
				4C33F6CF158B3A2F008E9A9C /* List.m in Sources */,
				4C33F6D2158B9CB8008E9A9C /* TaskViewController.m in Sources */,
			);
			runOnlyForDeploymentPostprocessing = 0;
		};
/* End PBXSourcesBuildPhase section */

/* Begin PBXVariantGroup section */
		4C379D25157E2B8E00BB25D5 /* InfoPlist.strings */ = {
			isa = PBXVariantGroup;
			children = (
				4C379D26157E2B8E00BB25D5 /* en */,
			);
			name = InfoPlist.strings;
			sourceTree = "<group>";
		};
		4C379D2E157E2B8E00BB25D5 /* MainStoryboard.storyboard */ = {
			isa = PBXVariantGroup;
			children = (
				4C379D2F157E2B8E00BB25D5 /* en */,
			);
			name = MainStoryboard.storyboard;
			sourceTree = "<group>";
		};
/* End PBXVariantGroup section */

/* Begin XCBuildConfiguration section */
		4C379D34157E2B8E00BB25D5 /* Debug */ = {
			isa = XCBuildConfiguration;
			buildSettings = {
				ALWAYS_SEARCH_USER_PATHS = NO;
				ARCHS = "$(ARCHS_STANDARD_32_BIT)";
				CLANG_ENABLE_OBJC_ARC = YES;
				"CODE_SIGN_IDENTITY[sdk=iphoneos*]" = "iPhone Developer";
				COPY_PHASE_STRIP = NO;
				GCC_C_LANGUAGE_STANDARD = gnu99;
				GCC_DYNAMIC_NO_PIC = NO;
				GCC_OPTIMIZATION_LEVEL = 0;
				GCC_PREPROCESSOR_DEFINITIONS = (
					"DEBUG=1",
					"$(inherited)",
				);
				GCC_SYMBOLS_PRIVATE_EXTERN = NO;
				GCC_VERSION = com.apple.compilers.llvm.clang.1_0;
				GCC_WARN_ABOUT_RETURN_TYPE = YES;
				GCC_WARN_UNINITIALIZED_AUTOS = YES;
				GCC_WARN_UNUSED_VARIABLE = YES;
				IPHONEOS_DEPLOYMENT_TARGET = 5.1;
				SDKROOT = iphoneos;
			};
			name = Debug;
		};
		4C379D35157E2B8E00BB25D5 /* Release */ = {
			isa = XCBuildConfiguration;
			buildSettings = {
				ALWAYS_SEARCH_USER_PATHS = NO;
				ARCHS = "$(ARCHS_STANDARD_32_BIT)";
				CLANG_ENABLE_OBJC_ARC = YES;
				"CODE_SIGN_IDENTITY[sdk=iphoneos*]" = "iPhone Developer";
				COPY_PHASE_STRIP = YES;
				GCC_C_LANGUAGE_STANDARD = gnu99;
				GCC_VERSION = com.apple.compilers.llvm.clang.1_0;
				GCC_WARN_ABOUT_RETURN_TYPE = YES;
				GCC_WARN_UNINITIALIZED_AUTOS = YES;
				GCC_WARN_UNUSED_VARIABLE = YES;
				IPHONEOS_DEPLOYMENT_TARGET = 5.1;
				OTHER_CFLAGS = "-DNS_BLOCK_ASSERTIONS=1";
				SDKROOT = iphoneos;
				VALIDATE_PRODUCT = YES;
			};
			name = Release;
		};
		4C379D37157E2B8E00BB25D5 /* Debug */ = {
			isa = XCBuildConfiguration;
			buildSettings = {
				GCC_PRECOMPILE_PREFIX_HEADER = YES;
				GCC_PREFIX_HEADER = "To Do List/To Do List-Prefix.pch";
				INFOPLIST_FILE = "To Do List/To Do List-Info.plist";
				PRODUCT_NAME = "$(TARGET_NAME)";
				WRAPPER_EXTENSION = app;
			};
			name = Debug;
		};
		4C379D38157E2B8E00BB25D5 /* Release */ = {
			isa = XCBuildConfiguration;
			buildSettings = {
				GCC_PRECOMPILE_PREFIX_HEADER = YES;
				GCC_PREFIX_HEADER = "To Do List/To Do List-Prefix.pch";
				INFOPLIST_FILE = "To Do List/To Do List-Info.plist";
				PRODUCT_NAME = "$(TARGET_NAME)";
				WRAPPER_EXTENSION = app;
			};
			name = Release;
		};
/* End XCBuildConfiguration section */

/* Begin XCConfigurationList section */
		4C379D12157E2B8E00BB25D5 /* Build configuration list for PBXProject "To Do List" */ = {
			isa = XCConfigurationList;
			buildConfigurations = (
				4C379D34157E2B8E00BB25D5 /* Debug */,
				4C379D35157E2B8E00BB25D5 /* Release */,
			);
			defaultConfigurationIsVisible = 0;
			defaultConfigurationName = Release;
		};
		4C379D36157E2B8E00BB25D5 /* Build configuration list for PBXNativeTarget "To Do List" */ = {
			isa = XCConfigurationList;
			buildConfigurations = (
				4C379D37157E2B8E00BB25D5 /* Debug */,
				4C379D38157E2B8E00BB25D5 /* Release */,
			);
			defaultConfigurationIsVisible = 0;
			defaultConfigurationName = Release;
		};
/* End XCConfigurationList section */
	};
	rootObject = 4C379D0F157E2B8E00BB25D5 /* Project object */;
}
